
Microsoft Visual Studio Solution File, Format Version 12.00
# Visual Studio Version 17
VisualStudioVersion = 17.5.002.0
MinimumVisualStudioVersion = 10.0.40219.1
Project("{9A19103F-16F7-4668-BE54-9A1E7A4F7556}") = "code", "code\code.csproj", "{AA363BD8-E1DA-4051-AC5A-6EADE8E1DAEB}"
EndProject
Global
	GlobalSection(SolutionConfigurationPlatforms) = preSolution
		Debug|Any CPU = Debug|Any CPU
		Release|Any CPU = Release|Any CPU
	EndGlobalSection
	GlobalSection(ProjectConfigurationPlatforms) = postSolution
		{AA363BD8-E1DA-4051-AC5A-6EADE8E1DAEB}.Debug|Any CPU.ActiveCfg = Debug|Any CPU
		{AA363BD8-E1DA-4051-AC5A-6EADE8E1DAEB}.Debug|Any CPU.Build.0 = Debug|Any CPU
		{AA363BD8-E1DA-4051-AC5A-6EADE8E1DAEB}.Release|Any CPU.ActiveCfg = Release|Any CPU
		{AA363BD8-E1DA-4051-AC5A-6EADE8E1DAEB}.Release|Any CPU.Build.0 = Release|Any CPU
	EndGlobalSection
	GlobalSection(SolutionProperties) = preSolution
		HideSolutionNode = FALSE
	EndGlobalSection
	GlobalSection(ExtensibilityGlobals) = postSolution
		SolutionGuid = {E1FE564A-4367-4106-B60E-8ECA6CF4290B}
	EndGlobalSection
EndGlobal
